{
    "_readme": [
        "This file locks the dependencies of your project to a known state",
        "Read more about it at https://getcomposer.org/doc/01-basic-usage.md#installing-dependencies",
        "This file is @generated automatically"
    ],
    "content-hash": "d3b311570a0602d0c42b441f5b86a632",
    "packages": [
        {
            "name": "psr/link",
            "version": "1.0.0",
            "source": {
                "type": "git",
                "url": "https://github.com/php-fig/link.git",
                "reference": "eea8e8662d5cd3ae4517c9b864493f59fca95562"
            },
            "dist": {
                "type": "zip",
                "url": "https://api.github.com/repos/php-fig/link/zipball/eea8e8662d5cd3ae4517c9b864493f59fca95562",
                "reference": "eea8e8662d5cd3ae4517c9b864493f59fca95562",
                "shasum": ""
            },
            "require": {
                "php": ">=5.3.0"
            },
            "type": "library",
            "extra": {
                "branch-alias": {
                    "dev-master": "1.0.x-dev"
                }
            },
            "autoload": {
                "psr-4": {
                    "Psr\\Link\\": "src/"
                }
            },
            "notification-url": "https://packagist.org/downloads/",
            "license": [
                "MIT"
            ],
            "authors": [
                {
                    "name": "PHP-FIG",
                    "homepage": "http://www.php-fig.org/"
                }
            ],
            "description": "Common interfaces for HTTP links",
            "keywords": [
                "http",
                "http-link",
                "link",
                "psr",
                "psr-13",
                "rest"
            ],
            "time": "2016-10-28T16:06:13+00:00"
        },
        {
            "name": "symfony/asset",
            "version": "v5.0.4",
            "source": {
                "type": "git",
                "url": "https://github.com/symfony/asset.git",
                "reference": "447190a24309da88f816313824d85c303035f86b"
            },
            "dist": {
                "type": "zip",
                "url": "https://api.github.com/repos/symfony/asset/zipball/447190a24309da88f816313824d85c303035f86b",
                "reference": "447190a24309da88f816313824d85c303035f86b",
                "shasum": ""
            },
            "require": {
                "php": "^7.2.5"
            },
            "require-dev": {
                "symfony/http-foundation": "^4.4|^5.0",
                "symfony/http-kernel": "^4.4|^5.0"
            },
            "suggest": {
                "symfony/http-foundation": ""
            },
            "type": "library",
            "extra": {
                "branch-alias": {
                    "dev-master": "5.0-dev"
                }
            },
            "autoload": {
                "psr-4": {
                    "Symfony\\Component\\Asset\\": ""
                },
                "exclude-from-classmap": [
                    "/Tests/"
                ]
            },
            "notification-url": "https://packagist.org/downloads/",
            "license": [
                "MIT"
            ],
            "authors": [
                {
                    "name": "Fabien Potencier",
                    "email": "fabien@symfony.com"
                },
                {
                    "name": "Symfony Community",
                    "homepage": "https://symfony.com/contributors"
                }
            ],
            "description": "Symfony Asset Component",
            "homepage": "https://symfony.com",
            "time": "2020-01-04T14:08:26+00:00"
        },
        {
            "name": "symfony/polyfill-php72",
            "version": "v1.14.0",
            "source": {
                "type": "git",
                "url": "https://github.com/symfony/polyfill-php72.git",
                "reference": "46ecacf4751dd0dc81e4f6bf01dbf9da1dc1dadf"
            },
            "dist": {
                "type": "zip",
                "url": "https://api.github.com/repos/symfony/polyfill-php72/zipball/46ecacf4751dd0dc81e4f6bf01dbf9da1dc1dadf",
                "reference": "46ecacf4751dd0dc81e4f6bf01dbf9da1dc1dadf",
                "shasum": ""
            },
            "require": {
                "php": ">=5.3.3"
            },
            "type": "library",
            "extra": {
                "branch-alias": {
                    "dev-master": "1.14-dev"
                }
            },
            "autoload": {
                "psr-4": {
                    "Symfony\\Polyfill\\Php72\\": ""
                },
                "files": [
                    "bootstrap.php"
                ]
            },
            "notification-url": "https://packagist.org/downloads/",
            "license": [
                "MIT"
            ],
            "authors": [
                {
                    "name": "Nicolas Grekas",
                    "email": "p@tchwork.com"
                },
                {
                    "name": "Symfony Community",
                    "homepage": "https://symfony.com/contributors"
                }
            ],
            "description": "Symfony polyfill backporting some PHP 7.2+ features to lower PHP versions",
            "homepage": "https://symfony.com",
            "keywords": [
                "compatibility",
                "polyfill",
                "portable",
                "shim"
            ],
            "time": "2020-01-13T11:15:53+00:00"
        },
        {
            "name": "symfony/web-link",
            "version": "v4.4.4",
            "source": {
                "type": "git",
                "url": "https://github.com/symfony/web-link.git",
                "reference": "dad60d94b2e7f16e1a7d0ebd0f1f460f45a51386"
            },
            "dist": {
                "type": "zip",
                "url": "https://api.github.com/repos/symfony/web-link/zipball/dad60d94b2e7f16e1a7d0ebd0f1f460f45a51386",
                "reference": "dad60d94b2e7f16e1a7d0ebd0f1f460f45a51386",
                "shasum": ""
            },
            "require": {
                "php": "^7.1.3",
                "psr/link": "^1.0",
                "symfony/polyfill-php72": "^1.5"
            },
            "conflict": {
                "symfony/http-kernel": "<4.3"
            },
            "provide": {
                "psr/link-implementation": "1.0"
            },
            "require-dev": {
                "symfony/http-foundation": "^4.4|^5.0",
                "symfony/http-kernel": "^4.3|^5.0"
            },
            "suggest": {
                "symfony/http-kernel": ""
            },
            "type": "library",
            "extra": {
                "branch-alias": {
                    "dev-master": "4.4-dev"
                }
            },
            "autoload": {
                "psr-4": {
                    "Symfony\\Component\\WebLink\\": ""
                },
                "exclude-from-classmap": [
                    "/Tests/"
                ]
            },
            "notification-url": "https://packagist.org/downloads/",
            "license": [
                "MIT"
            ],
            "authors": [
                {
                    "name": "Kévin Dunglas",
                    "email": "dunglas@gmail.com"
                },
                {
                    "name": "Symfony Community",
                    "homepage": "https://symfony.com/contributors"
                }
            ],
            "description": "Symfony WebLink Component",
            "homepage": "https://symfony.com",
            "keywords": [
                "dns-prefetch",
                "http",
                "http2",
                "link",
                "performance",
                "prefetch",
                "preload",
                "prerender",
                "psr13",
                "push"
            ],
            "time": "2020-01-04T13:00:46+00:00"
        }
    ],
    "packages-dev": [],
    "aliases": [],
    "minimum-stability": "stable",
    "stability-flags": [],
    "prefer-stable": false,
    "prefer-lowest": false,
    "platform": [],
    "platform-dev": [],
    "platform-overrides": {
        "php": "7.2.5"
    }
}
